
Microsoft Visual Studio Solution File, Format Version 12.00
# Visual Studio 15
VisualStudioVersion = 15.0.27130.2010
MinimumVisualStudioVersion = 10.0.40219.1
Project("{FAE04EC0-301F-11D3-BF4B-00C04F79EFBC}") = "AvatarExam", "AvatarExam\AvatarExam.csproj", "{50DB5C51-46C8-4400-A5DC-D8F1935B3FCB}"
EndProject
Global
	GlobalSection(SolutionConfigurationPlatforms) = preSolution
		Debug|Any CPU = Debug|Any CPU
		Release|Any CPU = Release|Any CPU
	EndGlobalSection
	GlobalSection(ProjectConfigurationPlatforms) = postSolution
		{50DB5C51-46C8-4400-A5DC-D8F1935B3FCB}.Debug|Any CPU.ActiveCfg = Debug|Any CPU
		{50DB5C51-46C8-4400-A5DC-D8F1935B3FCB}.Debug|Any CPU.Build.0 = Debug|Any CPU
		{50DB5C51-46C8-4400-A5DC-D8F1935B3FCB}.Release|Any CPU.ActiveCfg = Release|Any CPU
		{50DB5C51-46C8-4400-A5DC-D8F1935B3FCB}.Release|Any CPU.Build.0 = Release|Any CPU
	EndGlobalSection
	GlobalSection(SolutionProperties) = preSolution
		HideSolutionNode = FALSE
	EndGlobalSection
	GlobalSection(ExtensibilityGlobals) = postSolution
		SolutionGuid = {76FC7580-20BA-4813-B933-86FC38F91463}
	EndGlobalSection
EndGlobal
