
Microsoft Visual Studio Solution File, Format Version 12.00
# Visual Studio 15
VisualStudioVersion = 15.0.27130.2010
MinimumVisualStudioVersion = 10.0.40219.1
Project("{FAE04EC0-301F-11D3-BF4B-00C04F79EFBC}") = "ConsoleApp1", "ConsoleApp1\ConsoleApp1.csproj", "{9037899C-41B2-4BFE-A8B9-D53717F25D77}"
EndProject
Global
	GlobalSection(SolutionConfigurationPlatforms) = preSolution
		Debug|Any CPU = Debug|Any CPU
		Release|Any CPU = Release|Any CPU
	EndGlobalSection
	GlobalSection(ProjectConfigurationPlatforms) = postSolution
		{9037899C-41B2-4BFE-A8B9-D53717F25D77}.Debug|Any CPU.ActiveCfg = Debug|Any CPU
		{9037899C-41B2-4BFE-A8B9-D53717F25D77}.Debug|Any CPU.Build.0 = Debug|Any CPU
		{9037899C-41B2-4BFE-A8B9-D53717F25D77}.Release|Any CPU.ActiveCfg = Release|Any CPU
		{9037899C-41B2-4BFE-A8B9-D53717F25D77}.Release|Any CPU.Build.0 = Release|Any CPU
	EndGlobalSection
	GlobalSection(SolutionProperties) = preSolution
		HideSolutionNode = FALSE
	EndGlobalSection
	GlobalSection(ExtensibilityGlobals) = postSolution
		SolutionGuid = {04F14312-61EE-47BA-A2AA-FF103ACD2CEB}
	EndGlobalSection
EndGlobal
