
Microsoft Visual Studio Solution File, Format Version 12.00
# Visual Studio 15
VisualStudioVersion = 15.0.27130.2010
MinimumVisualStudioVersion = 10.0.40219.1
Project("{9A19103F-16F7-4668-BE54-9A1E7A4F7556}") = "01.DefineAnInterfacePerson", "01.DefineAnInterfacePerson\01.DefineAnInterfacePerson.csproj", "{5DE6192C-F1FD-4A5B-9A77-5A93208ABEEE}"
EndProject
Project("{9A19103F-16F7-4668-BE54-9A1E7A4F7556}") = "02.MultipleImplementation", "02.MultipleImplementation\02.MultipleImplementation.csproj", "{C3DCDD83-F2EB-4E3B-9126-2A52C9FF2323}"
EndProject
Project("{9A19103F-16F7-4668-BE54-9A1E7A4F7556}") = "03.Ferrari", "03.Ferrari\03.Ferrari.csproj", "{1AD97402-9D60-4D8B-81FA-30496EE7C989}"
EndProject
Project("{9A19103F-16F7-4668-BE54-9A1E7A4F7556}") = "04.Telephony", "04.Telephony\04.Telephony.csproj", "{09E1E12D-F21F-4A7E-A589-57BBDDBF29E6}"
EndProject
Project("{9A19103F-16F7-4668-BE54-9A1E7A4F7556}") = "05.BorderControl", "05.BorderControl\05.BorderControl.csproj", "{8B77A36B-2755-4C5F-B342-A2941BECDAE3}"
EndProject
Project("{9A19103F-16F7-4668-BE54-9A1E7A4F7556}") = "06.BirthdayCelebrations", "06.BirthdayCelebrations\06.BirthdayCelebrations.csproj", "{7BB7E2F1-AA8F-453B-AB3F-3CB7186DBBE0}"
EndProject
Project("{9A19103F-16F7-4668-BE54-9A1E7A4F7556}") = "07.FoodShortage", "07.FoodShortage\07.FoodShortage.csproj", "{F71FE2A0-0773-4425-B9C5-CC6891DFFBB2}"
EndProject
Project("{9A19103F-16F7-4668-BE54-9A1E7A4F7556}") = "08.MilitaryElite", "08.MilitaryElite\08.MilitaryElite.csproj", "{912C39F6-CA6E-41C6-8B12-F2ACBABE8DEE}"
EndProject
Project("{FAE04EC0-301F-11D3-BF4B-00C04F79EFBC}") = "09.CollectionHierarchy", "09.CollectionHierarchy\09.CollectionHierarchy.csproj", "{217C1DB4-0D6B-420A-A137-45E0CE8158D8}"
EndProject
Project("{FAE04EC0-301F-11D3-BF4B-00C04F79EFBC}") = "10.ExplicitInterfaces", "10.ExplicitInterfaces\10.ExplicitInterfaces.csproj", "{AADBD014-DC05-4C16-B5C0-1D8E141DF365}"
EndProject
Global
	GlobalSection(SolutionConfigurationPlatforms) = preSolution
		Debug|Any CPU = Debug|Any CPU
		Release|Any CPU = Release|Any CPU
	EndGlobalSection
	GlobalSection(ProjectConfigurationPlatforms) = postSolution
		{5DE6192C-F1FD-4A5B-9A77-5A93208ABEEE}.Debug|Any CPU.ActiveCfg = Debug|Any CPU
		{5DE6192C-F1FD-4A5B-9A77-5A93208ABEEE}.Debug|Any CPU.Build.0 = Debug|Any CPU
		{5DE6192C-F1FD-4A5B-9A77-5A93208ABEEE}.Release|Any CPU.ActiveCfg = Release|Any CPU
		{5DE6192C-F1FD-4A5B-9A77-5A93208ABEEE}.Release|Any CPU.Build.0 = Release|Any CPU
		{C3DCDD83-F2EB-4E3B-9126-2A52C9FF2323}.Debug|Any CPU.ActiveCfg = Debug|Any CPU
		{C3DCDD83-F2EB-4E3B-9126-2A52C9FF2323}.Debug|Any CPU.Build.0 = Debug|Any CPU
		{C3DCDD83-F2EB-4E3B-9126-2A52C9FF2323}.Release|Any CPU.ActiveCfg = Release|Any CPU
		{C3DCDD83-F2EB-4E3B-9126-2A52C9FF2323}.Release|Any CPU.Build.0 = Release|Any CPU
		{1AD97402-9D60-4D8B-81FA-30496EE7C989}.Debug|Any CPU.ActiveCfg = Debug|Any CPU
		{1AD97402-9D60-4D8B-81FA-30496EE7C989}.Debug|Any CPU.Build.0 = Debug|Any CPU
		{1AD97402-9D60-4D8B-81FA-30496EE7C989}.Release|Any CPU.ActiveCfg = Release|Any CPU
		{1AD97402-9D60-4D8B-81FA-30496EE7C989}.Release|Any CPU.Build.0 = Release|Any CPU
		{09E1E12D-F21F-4A7E-A589-57BBDDBF29E6}.Debug|Any CPU.ActiveCfg = Debug|Any CPU
		{09E1E12D-F21F-4A7E-A589-57BBDDBF29E6}.Debug|Any CPU.Build.0 = Debug|Any CPU
		{09E1E12D-F21F-4A7E-A589-57BBDDBF29E6}.Release|Any CPU.ActiveCfg = Release|Any CPU
		{09E1E12D-F21F-4A7E-A589-57BBDDBF29E6}.Release|Any CPU.Build.0 = Release|Any CPU
		{8B77A36B-2755-4C5F-B342-A2941BECDAE3}.Debug|Any CPU.ActiveCfg = Debug|Any CPU
		{8B77A36B-2755-4C5F-B342-A2941BECDAE3}.Debug|Any CPU.Build.0 = Debug|Any CPU
		{8B77A36B-2755-4C5F-B342-A2941BECDAE3}.Release|Any CPU.ActiveCfg = Release|Any CPU
		{8B77A36B-2755-4C5F-B342-A2941BECDAE3}.Release|Any CPU.Build.0 = Release|Any CPU
		{7BB7E2F1-AA8F-453B-AB3F-3CB7186DBBE0}.Debug|Any CPU.ActiveCfg = Debug|Any CPU
		{7BB7E2F1-AA8F-453B-AB3F-3CB7186DBBE0}.Debug|Any CPU.Build.0 = Debug|Any CPU
		{7BB7E2F1-AA8F-453B-AB3F-3CB7186DBBE0}.Release|Any CPU.ActiveCfg = Release|Any CPU
		{7BB7E2F1-AA8F-453B-AB3F-3CB7186DBBE0}.Release|Any CPU.Build.0 = Release|Any CPU
		{F71FE2A0-0773-4425-B9C5-CC6891DFFBB2}.Debug|Any CPU.ActiveCfg = Debug|Any CPU
		{F71FE2A0-0773-4425-B9C5-CC6891DFFBB2}.Debug|Any CPU.Build.0 = Debug|Any CPU
		{F71FE2A0-0773-4425-B9C5-CC6891DFFBB2}.Release|Any CPU.ActiveCfg = Release|Any CPU
		{F71FE2A0-0773-4425-B9C5-CC6891DFFBB2}.Release|Any CPU.Build.0 = Release|Any CPU
		{912C39F6-CA6E-41C6-8B12-F2ACBABE8DEE}.Debug|Any CPU.ActiveCfg = Debug|Any CPU
		{912C39F6-CA6E-41C6-8B12-F2ACBABE8DEE}.Debug|Any CPU.Build.0 = Debug|Any CPU
		{912C39F6-CA6E-41C6-8B12-F2ACBABE8DEE}.Release|Any CPU.ActiveCfg = Release|Any CPU
		{912C39F6-CA6E-41C6-8B12-F2ACBABE8DEE}.Release|Any CPU.Build.0 = Release|Any CPU
		{217C1DB4-0D6B-420A-A137-45E0CE8158D8}.Debug|Any CPU.ActiveCfg = Debug|Any CPU
		{217C1DB4-0D6B-420A-A137-45E0CE8158D8}.Debug|Any CPU.Build.0 = Debug|Any CPU
		{217C1DB4-0D6B-420A-A137-45E0CE8158D8}.Release|Any CPU.ActiveCfg = Release|Any CPU
		{217C1DB4-0D6B-420A-A137-45E0CE8158D8}.Release|Any CPU.Build.0 = Release|Any CPU
		{AADBD014-DC05-4C16-B5C0-1D8E141DF365}.Debug|Any CPU.ActiveCfg = Debug|Any CPU
		{AADBD014-DC05-4C16-B5C0-1D8E141DF365}.Debug|Any CPU.Build.0 = Debug|Any CPU
		{AADBD014-DC05-4C16-B5C0-1D8E141DF365}.Release|Any CPU.ActiveCfg = Release|Any CPU
		{AADBD014-DC05-4C16-B5C0-1D8E141DF365}.Release|Any CPU.Build.0 = Release|Any CPU
	EndGlobalSection
	GlobalSection(SolutionProperties) = preSolution
		HideSolutionNode = FALSE
	EndGlobalSection
	GlobalSection(ExtensibilityGlobals) = postSolution
		SolutionGuid = {FAF756E0-F2E1-47AB-AE15-0418833146D9}
	EndGlobalSection
EndGlobal
