
Microsoft Visual Studio Solution File, Format Version 12.00
# Visual Studio 15
VisualStudioVersion = 15.0.27130.2010
MinimumVisualStudioVersion = 10.0.40219.1
Project("{9A19103F-16F7-4668-BE54-9A1E7A4F7556}") = "01.Regeh", "01.Regeh\01.Regeh.csproj", "{B95D68A8-7ECF-429D-8143-FDC764995146}"
EndProject
Project("{9A19103F-16F7-4668-BE54-9A1E7A4F7556}") = "02.KnightGame", "02.KnightGame\02.KnightGame.csproj", "{4C13F316-DE8C-4A3F-9024-59FD29FEE21E}"
EndProject
Project("{9A19103F-16F7-4668-BE54-9A1E7A4F7556}") = "04.Hospital", "04.Hospital\04.Hospital.csproj", "{1FEA8771-A8C9-4445-BD32-E83A68E82A80}"
EndProject
Project("{FAE04EC0-301F-11D3-BF4B-00C04F79EFBC}") = "03.NumberWars", "03.NumberWars\03.NumberWars.csproj", "{ED7F82FA-BB6B-4587-9C0F-013B87CD9625}"
EndProject
Global
	GlobalSection(SolutionConfigurationPlatforms) = preSolution
		Debug|Any CPU = Debug|Any CPU
		Release|Any CPU = Release|Any CPU
	EndGlobalSection
	GlobalSection(ProjectConfigurationPlatforms) = postSolution
		{B95D68A8-7ECF-429D-8143-FDC764995146}.Debug|Any CPU.ActiveCfg = Debug|Any CPU
		{B95D68A8-7ECF-429D-8143-FDC764995146}.Debug|Any CPU.Build.0 = Debug|Any CPU
		{B95D68A8-7ECF-429D-8143-FDC764995146}.Release|Any CPU.ActiveCfg = Release|Any CPU
		{B95D68A8-7ECF-429D-8143-FDC764995146}.Release|Any CPU.Build.0 = Release|Any CPU
		{4C13F316-DE8C-4A3F-9024-59FD29FEE21E}.Debug|Any CPU.ActiveCfg = Debug|Any CPU
		{4C13F316-DE8C-4A3F-9024-59FD29FEE21E}.Debug|Any CPU.Build.0 = Debug|Any CPU
		{4C13F316-DE8C-4A3F-9024-59FD29FEE21E}.Release|Any CPU.ActiveCfg = Release|Any CPU
		{4C13F316-DE8C-4A3F-9024-59FD29FEE21E}.Release|Any CPU.Build.0 = Release|Any CPU
		{1FEA8771-A8C9-4445-BD32-E83A68E82A80}.Debug|Any CPU.ActiveCfg = Debug|Any CPU
		{1FEA8771-A8C9-4445-BD32-E83A68E82A80}.Debug|Any CPU.Build.0 = Debug|Any CPU
		{1FEA8771-A8C9-4445-BD32-E83A68E82A80}.Release|Any CPU.ActiveCfg = Release|Any CPU
		{1FEA8771-A8C9-4445-BD32-E83A68E82A80}.Release|Any CPU.Build.0 = Release|Any CPU
		{ED7F82FA-BB6B-4587-9C0F-013B87CD9625}.Debug|Any CPU.ActiveCfg = Debug|Any CPU
		{ED7F82FA-BB6B-4587-9C0F-013B87CD9625}.Debug|Any CPU.Build.0 = Debug|Any CPU
		{ED7F82FA-BB6B-4587-9C0F-013B87CD9625}.Release|Any CPU.ActiveCfg = Release|Any CPU
		{ED7F82FA-BB6B-4587-9C0F-013B87CD9625}.Release|Any CPU.Build.0 = Release|Any CPU
	EndGlobalSection
	GlobalSection(SolutionProperties) = preSolution
		HideSolutionNode = FALSE
	EndGlobalSection
	GlobalSection(ExtensibilityGlobals) = postSolution
		SolutionGuid = {2F713E48-DE80-4452-B8AA-6E77E9F08EA6}
	EndGlobalSection
EndGlobal
