
Microsoft Visual Studio Solution File, Format Version 12.00
# Visual Studio 15
VisualStudioVersion = 15.0.27130.2010
MinimumVisualStudioVersion = 10.0.40219.1
Project("{FAE04EC0-301F-11D3-BF4B-00C04F79EFBC}") = "01.GenericBoxOfString", "ConsoleApp1\01.GenericBoxOfString.csproj", "{6AC74A43-1A4F-435B-981D-BB16D1EDEDFB}"
EndProject
Project("{FAE04EC0-301F-11D3-BF4B-00C04F79EFBC}") = "07.CustomList", "07.CustomList\07.CustomList.csproj", "{A3F18F23-5537-4F4C-B0AA-E4961BE314B5}"
EndProject
Project("{FAE04EC0-301F-11D3-BF4B-00C04F79EFBC}") = "11.Tuple", "11.Tuple\11.Tuple.csproj", "{9DA0E4D3-8AD9-4316-A9A1-4FEB24D8BA71}"
EndProject
Global
	GlobalSection(SolutionConfigurationPlatforms) = preSolution
		Debug|Any CPU = Debug|Any CPU
		Release|Any CPU = Release|Any CPU
	EndGlobalSection
	GlobalSection(ProjectConfigurationPlatforms) = postSolution
		{6AC74A43-1A4F-435B-981D-BB16D1EDEDFB}.Debug|Any CPU.ActiveCfg = Debug|Any CPU
		{6AC74A43-1A4F-435B-981D-BB16D1EDEDFB}.Debug|Any CPU.Build.0 = Debug|Any CPU
		{6AC74A43-1A4F-435B-981D-BB16D1EDEDFB}.Release|Any CPU.ActiveCfg = Release|Any CPU
		{6AC74A43-1A4F-435B-981D-BB16D1EDEDFB}.Release|Any CPU.Build.0 = Release|Any CPU
		{A3F18F23-5537-4F4C-B0AA-E4961BE314B5}.Debug|Any CPU.ActiveCfg = Debug|Any CPU
		{A3F18F23-5537-4F4C-B0AA-E4961BE314B5}.Debug|Any CPU.Build.0 = Debug|Any CPU
		{A3F18F23-5537-4F4C-B0AA-E4961BE314B5}.Release|Any CPU.ActiveCfg = Release|Any CPU
		{A3F18F23-5537-4F4C-B0AA-E4961BE314B5}.Release|Any CPU.Build.0 = Release|Any CPU
		{9DA0E4D3-8AD9-4316-A9A1-4FEB24D8BA71}.Debug|Any CPU.ActiveCfg = Debug|Any CPU
		{9DA0E4D3-8AD9-4316-A9A1-4FEB24D8BA71}.Debug|Any CPU.Build.0 = Debug|Any CPU
		{9DA0E4D3-8AD9-4316-A9A1-4FEB24D8BA71}.Release|Any CPU.ActiveCfg = Release|Any CPU
		{9DA0E4D3-8AD9-4316-A9A1-4FEB24D8BA71}.Release|Any CPU.Build.0 = Release|Any CPU
	EndGlobalSection
	GlobalSection(SolutionProperties) = preSolution
		HideSolutionNode = FALSE
	EndGlobalSection
	GlobalSection(ExtensibilityGlobals) = postSolution
		SolutionGuid = {5610DF13-E815-47BB-998A-3BC224435BB4}
	EndGlobalSection
EndGlobal
