
Microsoft Visual Studio Solution File, Format Version 12.00
# Visual Studio 15
VisualStudioVersion = 15.0.27130.2010
MinimumVisualStudioVersion = 10.0.40219.1
Project("{FAE04EC0-301F-11D3-BF4B-00C04F79EFBC}") = "01.MathOperations", "01.MathOperations\01.MathOperations.csproj", "{53A52638-962E-4642-9B9C-07E64DBBF16A}"
EndProject
Project("{FAE04EC0-301F-11D3-BF4B-00C04F79EFBC}") = "02.Animals", "02.Animals\02.Animals.csproj", "{0B1A7B3F-0BF4-482A-AE29-461F81522410}"
EndProject
Project("{FAE04EC0-301F-11D3-BF4B-00C04F79EFBC}") = "03.Shapes", "03.Shapes\03.Shapes.csproj", "{E9738E39-16E6-4F1D-8178-CC4E9FB49A60}"
EndProject
Global
	GlobalSection(SolutionConfigurationPlatforms) = preSolution
		Debug|Any CPU = Debug|Any CPU
		Release|Any CPU = Release|Any CPU
	EndGlobalSection
	GlobalSection(ProjectConfigurationPlatforms) = postSolution
		{53A52638-962E-4642-9B9C-07E64DBBF16A}.Debug|Any CPU.ActiveCfg = Debug|Any CPU
		{53A52638-962E-4642-9B9C-07E64DBBF16A}.Debug|Any CPU.Build.0 = Debug|Any CPU
		{53A52638-962E-4642-9B9C-07E64DBBF16A}.Release|Any CPU.ActiveCfg = Release|Any CPU
		{53A52638-962E-4642-9B9C-07E64DBBF16A}.Release|Any CPU.Build.0 = Release|Any CPU
		{0B1A7B3F-0BF4-482A-AE29-461F81522410}.Debug|Any CPU.ActiveCfg = Debug|Any CPU
		{0B1A7B3F-0BF4-482A-AE29-461F81522410}.Debug|Any CPU.Build.0 = Debug|Any CPU
		{0B1A7B3F-0BF4-482A-AE29-461F81522410}.Release|Any CPU.ActiveCfg = Release|Any CPU
		{0B1A7B3F-0BF4-482A-AE29-461F81522410}.Release|Any CPU.Build.0 = Release|Any CPU
		{E9738E39-16E6-4F1D-8178-CC4E9FB49A60}.Debug|Any CPU.ActiveCfg = Debug|Any CPU
		{E9738E39-16E6-4F1D-8178-CC4E9FB49A60}.Debug|Any CPU.Build.0 = Debug|Any CPU
		{E9738E39-16E6-4F1D-8178-CC4E9FB49A60}.Release|Any CPU.ActiveCfg = Release|Any CPU
		{E9738E39-16E6-4F1D-8178-CC4E9FB49A60}.Release|Any CPU.Build.0 = Release|Any CPU
	EndGlobalSection
	GlobalSection(SolutionProperties) = preSolution
		HideSolutionNode = FALSE
	EndGlobalSection
	GlobalSection(ExtensibilityGlobals) = postSolution
		SolutionGuid = {E2EFCD47-98AB-42A1-91BB-E18DF0514A04}
	EndGlobalSection
EndGlobal
